
Microsoft Visual Studio Solution File, Format Version 12.00
# Visual Studio 15
VisualStudioVersion = 15.0.28307.1401
MinimumVisualStudioVersion = 10.0.40219.1
Project("{FAE04EC0-301F-11D3-BF4B-00C04F79EFBC}") = "AccesoPaso1", "AccesoPaso1\AccesoPaso1.csproj", "{F6EBED91-78A5-4594-B000-4EA7827EBA34}"
EndProject
Global
	GlobalSection(SolutionConfigurationPlatforms) = preSolution
		Debug|Any CPU = Debug|Any CPU
		Release|Any CPU = Release|Any CPU
	EndGlobalSection
	GlobalSection(ProjectConfigurationPlatforms) = postSolution
		{F6EBED91-78A5-4594-B000-4EA7827EBA34}.Debug|Any CPU.ActiveCfg = Debug|Any CPU
		{F6EBED91-78A5-4594-B000-4EA7827EBA34}.Debug|Any CPU.Build.0 = Debug|Any CPU
		{F6EBED91-78A5-4594-B000-4EA7827EBA34}.Release|Any CPU.ActiveCfg = Release|Any CPU
		{F6EBED91-78A5-4594-B000-4EA7827EBA34}.Release|Any CPU.Build.0 = Release|Any CPU
	EndGlobalSection
	GlobalSection(SolutionProperties) = preSolution
		HideSolutionNode = FALSE
	EndGlobalSection
	GlobalSection(ExtensibilityGlobals) = postSolution
		SolutionGuid = {F81F72E2-6E88-4C5E-88F4-1F6DD6D58101}
	EndGlobalSection
EndGlobal
